
Microsoft Visual Studio Solution File, Format Version 12.00
# Visual Studio Version 17
VisualStudioVersion = 17.2.32630.192
MinimumVisualStudioVersion = 10.0.40219.1
Project("{F2A71F9B-5D33-465A-A702-920D77279786}") = "winforms", "winforms\winforms.fsproj", "{71A7BC38-9D4A-4328-96EE-48A370D1D5AA}"
EndProject
Global
	GlobalSection(SolutionConfigurationPlatforms) = preSolution
		Debug|Any CPU = Debug|Any CPU
		Release|Any CPU = Release|Any CPU
	EndGlobalSection
	GlobalSection(ProjectConfigurationPlatforms) = postSolution
		{71A7BC38-9D4A-4328-96EE-48A370D1D5AA}.Debug|Any CPU.ActiveCfg = Debug|Any CPU
		{71A7BC38-9D4A-4328-96EE-48A370D1D5AA}.Debug|Any CPU.Build.0 = Debug|Any CPU
		{71A7BC38-9D4A-4328-96EE-48A370D1D5AA}.Release|Any CPU.ActiveCfg = Release|Any CPU
		{71A7BC38-9D4A-4328-96EE-48A370D1D5AA}.Release|Any CPU.Build.0 = Release|Any CPU
	EndGlobalSection
	GlobalSection(SolutionProperties) = preSolution
		HideSolutionNode = FALSE
	EndGlobalSection
	GlobalSection(ExtensibilityGlobals) = postSolution
		SolutionGuid = {C1DCC7BD-4C5E-4C36-8AF4-03CF4736E514}
	EndGlobalSection
EndGlobal
